{
  "name": "worker",
  "lockfileVersion": 3,
  "requires": true,
  "packages": {
    "": {
      "devDependencies": {
        "@thumbmarkjs/thumbmarkjs": "1.11.0",
        "smol-toml": "1.8.0"
      }
    },
    "node_modules/@thumbmarkjs/thumbmarkjs": {
      "version": "1.11.0",
      "resolved": "https://registry.npmjs.org/@thumbmarkjs/thumbmarkjs/-/thumbmarkjs-1.11.0.tgz",
      "integrity": "sha512-aJ7lwzR2sd1EIk8o+T1TATkxbqBPsW3u6AGGg1DGMAQ358yHlVWmBTFj2dJVE4/zuJEtx0gHJPNCErsyplBR7g==",
      "dev": true,
      "license": "MIT"
    },
    "node_modules/smol-toml": {
      "version": "1.8.0",
      "resolved": "https://registry.npmjs.org/smol-toml/-/smol-toml-1.8.0.tgz",
      "integrity": "sha512-kCZr2V3ch9i00x8zXRhjUNVcjG9ijES5dDudkXvUVCT5QlJNQWElSJdZqyPemffHoLNUYwOcou0Fy+ojN0uHSQ==",
      "dev": true,
      "license": "BSD-3-Clause",
      "engines": {
        "node": ">= 18"
      },
      "funding": {
        "url": "https://github.com/sponsors/cyyynthia"
      }
    }
  }
}
